
Microsoft Visual Studio Solution File, Format Version 12.00
# Visual Studio 2013
VisualStudioVersion = 12.0.21005.1
MinimumVisualStudioVersion = 10.0.40219.1
Project("{FAE04EC0-301F-11D3-BF4B-00C04F79EFBC}") = "MusicManager", "MusicManager\MusicManager.csproj", "{5A6E94C3-FCEC-41E3-9BE8-4D7625160555}"
EndProject
Project("{FAE04EC0-301F-11D3-BF4B-00C04F79EFBC}") = "BLL", "BLL\BLL.csproj", "{1042AB9C-72AD-4B52-AFF4-9F73C411DB15}"
EndProject
Project("{FAE04EC0-301F-11D3-BF4B-00C04F79EFBC}") = "DomainModel", "DomainModel\DomainModel.csproj", "{EB9466F4-31F9-4550-9955-A40A08219A9B}"
EndProject
Project("{FAE04EC0-301F-11D3-BF4B-00C04F79EFBC}") = "MusicWatcher", "MusicWatcher\MusicWatcher.csproj", "{55B62835-F5E7-4A4C-B899-808A270CC797}"
EndProject
Project("{FAE04EC0-301F-11D3-BF4B-00C04F79EFBC}") = "DAL", "DAL\DAL.csproj", "{B386A6B1-E9D5-4C5F-A994-369AEE71CF38}"
EndProject
Global
	GlobalSection(SolutionConfigurationPlatforms) = preSolution
		Debug|Any CPU = Debug|Any CPU
		Release|Any CPU = Release|Any CPU
	EndGlobalSection
	GlobalSection(ProjectConfigurationPlatforms) = postSolution
		{5A6E94C3-FCEC-41E3-9BE8-4D7625160555}.Debug|Any CPU.ActiveCfg = Release|Any CPU
		{5A6E94C3-FCEC-41E3-9BE8-4D7625160555}.Debug|Any CPU.Build.0 = Release|Any CPU
		{5A6E94C3-FCEC-41E3-9BE8-4D7625160555}.Release|Any CPU.ActiveCfg = Debug|Any CPU
		{5A6E94C3-FCEC-41E3-9BE8-4D7625160555}.Release|Any CPU.Build.0 = Debug|Any CPU
		{1042AB9C-72AD-4B52-AFF4-9F73C411DB15}.Debug|Any CPU.ActiveCfg = Release|Any CPU
		{1042AB9C-72AD-4B52-AFF4-9F73C411DB15}.Debug|Any CPU.Build.0 = Release|Any CPU
		{1042AB9C-72AD-4B52-AFF4-9F73C411DB15}.Release|Any CPU.ActiveCfg = Debug|Any CPU
		{1042AB9C-72AD-4B52-AFF4-9F73C411DB15}.Release|Any CPU.Build.0 = Debug|Any CPU
		{EB9466F4-31F9-4550-9955-A40A08219A9B}.Debug|Any CPU.ActiveCfg = Release|Any CPU
		{EB9466F4-31F9-4550-9955-A40A08219A9B}.Debug|Any CPU.Build.0 = Release|Any CPU
		{EB9466F4-31F9-4550-9955-A40A08219A9B}.Release|Any CPU.ActiveCfg = Debug|Any CPU
		{EB9466F4-31F9-4550-9955-A40A08219A9B}.Release|Any CPU.Build.0 = Debug|Any CPU
		{55B62835-F5E7-4A4C-B899-808A270CC797}.Debug|Any CPU.ActiveCfg = Release|Any CPU
		{55B62835-F5E7-4A4C-B899-808A270CC797}.Debug|Any CPU.Build.0 = Release|Any CPU
		{55B62835-F5E7-4A4C-B899-808A270CC797}.Release|Any CPU.ActiveCfg = Debug|Any CPU
		{55B62835-F5E7-4A4C-B899-808A270CC797}.Release|Any CPU.Build.0 = Debug|Any CPU
		{B386A6B1-E9D5-4C5F-A994-369AEE71CF38}.Debug|Any CPU.ActiveCfg = Release|Any CPU
		{B386A6B1-E9D5-4C5F-A994-369AEE71CF38}.Debug|Any CPU.Build.0 = Release|Any CPU
		{B386A6B1-E9D5-4C5F-A994-369AEE71CF38}.Release|Any CPU.ActiveCfg = Debug|Any CPU
		{B386A6B1-E9D5-4C5F-A994-369AEE71CF38}.Release|Any CPU.Build.0 = Debug|Any CPU
	EndGlobalSection
	GlobalSection(SolutionProperties) = preSolution
		HideSolutionNode = FALSE
	EndGlobalSection
EndGlobal
